
Microsoft Visual Studio Solution File, Format Version 12.00
# Visual Studio Version 17
VisualStudioVersion = 17.1.32228.430
MinimumVisualStudioVersion = 10.0.40219.1
Project("{FAE04EC0-301F-11D3-BF4B-00C04F79EFBC}") = "Disval", "Disval.csproj", "{0698261F-DFDF-4A29-A7EA-F5CD7E9CF6C3}"
EndProject
Project("{FAE04EC0-301F-11D3-BF4B-00C04F79EFBC}") = "Archivos", "..\..\..\Programacion Disval\Disval\EntidadesComprobantesDeDisval\Archivos\Archivos.csproj", "{427E7A50-8F57-42CB-93C6-A6CAD24E5DEA}"
EndProject
Global
	GlobalSection(SolutionConfigurationPlatforms) = preSolution
		Debug|Any CPU = Debug|Any CPU
		Release|Any CPU = Release|Any CPU
	EndGlobalSection
	GlobalSection(ProjectConfigurationPlatforms) = postSolution
		{0698261F-DFDF-4A29-A7EA-F5CD7E9CF6C3}.Debug|Any CPU.ActiveCfg = Debug|Any CPU
		{0698261F-DFDF-4A29-A7EA-F5CD7E9CF6C3}.Debug|Any CPU.Build.0 = Debug|Any CPU
		{0698261F-DFDF-4A29-A7EA-F5CD7E9CF6C3}.Release|Any CPU.ActiveCfg = Release|Any CPU
		{0698261F-DFDF-4A29-A7EA-F5CD7E9CF6C3}.Release|Any CPU.Build.0 = Release|Any CPU
		{427E7A50-8F57-42CB-93C6-A6CAD24E5DEA}.Debug|Any CPU.ActiveCfg = Debug|Any CPU
		{427E7A50-8F57-42CB-93C6-A6CAD24E5DEA}.Debug|Any CPU.Build.0 = Debug|Any CPU
		{427E7A50-8F57-42CB-93C6-A6CAD24E5DEA}.Release|Any CPU.ActiveCfg = Release|Any CPU
		{427E7A50-8F57-42CB-93C6-A6CAD24E5DEA}.Release|Any CPU.Build.0 = Release|Any CPU
	EndGlobalSection
	GlobalSection(SolutionProperties) = preSolution
		HideSolutionNode = FALSE
	EndGlobalSection
	GlobalSection(ExtensibilityGlobals) = postSolution
		SolutionGuid = {4DACC733-573F-43BA-8739-53F01E4BF133}
	EndGlobalSection
EndGlobal
